
Microsoft Visual Studio Solution File, Format Version 12.00
# Visual Studio 15
VisualStudioVersion = 15.0.28010.2003
MinimumVisualStudioVersion = 10.0.40219.1
Project("{FAE04EC0-301F-11D3-BF4B-00C04F79EFBC}") = "DataboffTestProject", "DataboffTestProject\DataboffTestProject.csproj", "{808DFF30-D534-4BF9-9FA4-4E0FC060B8A2}"
EndProject
Project("{FAE04EC0-301F-11D3-BF4B-00C04F79EFBC}") = "DataManager", "DataManager\DataManager.csproj", "{EA24BBF8-6E6F-4498-A2D4-B61889194536}"
EndProject
Global
	GlobalSection(SolutionConfigurationPlatforms) = preSolution
		Debug|Any CPU = Debug|Any CPU
		Release|Any CPU = Release|Any CPU
	EndGlobalSection
	GlobalSection(ProjectConfigurationPlatforms) = postSolution
		{808DFF30-D534-4BF9-9FA4-4E0FC060B8A2}.Debug|Any CPU.ActiveCfg = Debug|Any CPU
		{808DFF30-D534-4BF9-9FA4-4E0FC060B8A2}.Debug|Any CPU.Build.0 = Debug|Any CPU
		{808DFF30-D534-4BF9-9FA4-4E0FC060B8A2}.Release|Any CPU.ActiveCfg = Release|Any CPU
		{808DFF30-D534-4BF9-9FA4-4E0FC060B8A2}.Release|Any CPU.Build.0 = Release|Any CPU
		{EA24BBF8-6E6F-4498-A2D4-B61889194536}.Debug|Any CPU.ActiveCfg = Debug|Any CPU
		{EA24BBF8-6E6F-4498-A2D4-B61889194536}.Debug|Any CPU.Build.0 = Debug|Any CPU
		{EA24BBF8-6E6F-4498-A2D4-B61889194536}.Release|Any CPU.ActiveCfg = Release|Any CPU
		{EA24BBF8-6E6F-4498-A2D4-B61889194536}.Release|Any CPU.Build.0 = Release|Any CPU
	EndGlobalSection
	GlobalSection(SolutionProperties) = preSolution
		HideSolutionNode = FALSE
	EndGlobalSection
	GlobalSection(ExtensibilityGlobals) = postSolution
		SolutionGuid = {CB02987D-2E01-4B50-A41B-3457EFD19026}
	EndGlobalSection
EndGlobal
